{
  "pins" : [
    {
      "identity" : "retroswift",
      "kind" : "remoteSourceControl",
      "location" : "https://github.com/retro-cade/RetroSwift.git",
      "state" : {
        "branch" : "main",
        "revision" : "7a8cf52116b305a9a0cb45b6f6e8a54a753e800e"
      }
    }
  ],
  "version" : 2
}
